PODS:
  - HotKey (0.1.1)
  - SnapKit (4.2.0)

DEPENDENCIES:
  - HotKey
  - SnapKit

SPEC REPOS:
  https://github.com/cocoapods/specs.git:
    - HotKey
    - SnapKit

SPEC CHECKSUMS:
  HotKey: 0be143fd015544a63c51be6dc2066dbf455ced72
  SnapKit: fe8a619752f3f27075cc9a90244d75c6c3f27e2a

PODFILE CHECKSUM: eaeb75a1aed56b685353aeeb39e774576b1c2b11

COCOAPODS: 1.5.3
