// !$*UTF8*$!
{
	archiveVersion = 1;
	classes = {
	};
	objectVersion = 46;
	objects = {

/* Begin PBXBuildFile section */
		5910A9E5224254680077A2E6 /* ColorThemes.swift in Sources */ = {isa = PBXBuildFile; fileRef = 5910A9E4224254680077A2E6 /* ColorThemes.swift */; };
		59312A04223F998C00BE8EB7 /* HistoryDB.swift in Sources */ = {isa = PBXBuildFile; fileRef = 59312A03223F998C00BE8EB7 /* HistoryDB.swift */; };
		593DE89F223A27D000BC39E0 /* PopOverStatusMenu.swift in Sources */ = {isa = PBXBuildFile; fileRef = 593DE89E223A27D000BC39E0 /* PopOverStatusMenu.swift */; };
		593DE8A3223A348000BC39E0 /* PopOverCell.swift in Sources */ = {isa = PBXBuildFile; fileRef = 593DE8A2223A348000BC39E0 /* PopOverCell.swift */; };
		593DE8AC223A690200BC39E0 /* PopOverClipboard.swift in Sources */ = {isa = PBXBuildFile; fileRef = 593DE8A0223A2B4500BC39E0 /* PopOverClipboard.swift */; };
		593DE8AE223A722D00BC39E0 /* PopoverSearchField.swift in Sources */ = {isa = PBXBuildFile; fileRef = 593DE8AD223A722D00BC39E0 /* PopoverSearchField.swift */; };
		593DE8B0223B697700BC39E0 /* HistoryContent.swift in Sources */ = {isa = PBXBuildFile; fileRef = 593DE8AF223B697700BC39E0 /* HistoryContent.swift */; };
		593DE8B2223B69E000BC39E0 /* Constants.swift in Sources */ = {isa = PBXBuildFile; fileRef = 593DE8B1223B69E000BC39E0 /* Constants.swift */; };
		593DE8B4223B6A4F00BC39E0 /* Extensions.swift in Sources */ = {isa = PBXBuildFile; fileRef = 593DE8B3223B6A4F00BC39E0 /* Extensions.swift */; };
		593DE8B6223B6A8100BC39E0 /* ClipboardTableView.swift in Sources */ = {isa = PBXBuildFile; fileRef = 593DE8B5223B6A8100BC39E0 /* ClipboardTableView.swift */; };
		593DE8B9223B6B7100BC39E0 /* Settings.swift in Sources */ = {isa = PBXBuildFile; fileRef = 593DE8B8223B6B7100BC39E0 /* Settings.swift */; };
		593DE8BC223B7AA700BC39E0 /* CocurrentArray.swift in Sources */ = {isa = PBXBuildFile; fileRef = 593DE8BB223B7AA700BC39E0 /* CocurrentArray.swift */; };
		593DE8C0223B952800BC39E0 /* Help.swift in Sources */ = {isa = PBXBuildFile; fileRef = 593DE8BF223B952800BC39E0 /* Help.swift */; };
		59E4C9FF225214A000E601A5 /* HistoryModel.xcdatamodeld in Sources */ = {isa = PBXBuildFile; fileRef = 59E4C9FD225214A000E601A5 /* HistoryModel.xcdatamodeld */; };
		59E4CA0A225216B900E601A5 /* HistoryCoreData.swift in Sources */ = {isa = PBXBuildFile; fileRef = 59E4CA09225216B900E601A5 /* HistoryCoreData.swift */; };
		59E4CA1122521B1200E601A5 /* ClipHistory+CoreDataClass.swift in Sources */ = {isa = PBXBuildFile; fileRef = 59E4CA0F22521B1200E601A5 /* ClipHistory+CoreDataClass.swift */; };
		59E4CA1222521B1200E601A5 /* ClipHistory+CoreDataProperties.swift in Sources */ = {isa = PBXBuildFile; fileRef = 59E4CA1022521B1200E601A5 /* ClipHistory+CoreDataProperties.swift */; };
		85698B9EC4CB46F818AC0196 /* Pods_Clipboard.framework in Frameworks */ = {isa = PBXBuildFile; fileRef = B3F175DC9C433BD7A280E17F /* Pods_Clipboard.framework */; };
		DA0EF1881E444B2A00E58577 /* Clipboard.swift in Sources */ = {isa = PBXBuildFile; fileRef = DA0EF1871E444B2A00E58577 /* Clipboard.swift */; };
		DA246D611E56C9EA001E40F3 /* Application.xib in Resources */ = {isa = PBXBuildFile; fileRef = DA246D601E56C9EA001E40F3 /* Application.xib */; };
		DA2C752A2029FD6B0090965D /* FilterMenuItemView.swift in Sources */ = {isa = PBXBuildFile; fileRef = DA2C75292029FD6B0090965D /* FilterMenuItemView.swift */; };
		DA2C752C2029FE990090965D /* ClipboardMenu.swift in Sources */ = {isa = PBXBuildFile; fileRef = DA2C752B2029FE990090965D /* ClipboardMenu.swift */; };
		DA573EAD1EDD410F00561FB2 /* HistoryMenuItem.swift in Sources */ = {isa = PBXBuildFile; fileRef = DA573EAC1EDD410F00561FB2 /* HistoryMenuItem.swift */; };
		DA5F46512020E9FB00425C11 /* Carbon.framework in Frameworks */ = {isa = PBXBuildFile; fileRef = DA5F464F2020E4DF00425C11 /* Carbon.framework */; };
		DA6373981E4AB9BB00263391 /* Assets.xcassets in Resources */ = {isa = PBXBuildFile; fileRef = DA6373971E4AB9BB00263391 /* Assets.xcassets */; };
		DA6DB59720AA7D55003C255E /* GlobalHotKey.swift in Sources */ = {isa = PBXBuildFile; fileRef = DA6DB59620AA7D55003C255E /* GlobalHotKey.swift */; };
		DA8953B91E446A4E00884EAB /* MainApplication.swift in Sources */ = {isa = PBXBuildFile; fileRef = DA8953B81E446A4E00884EAB /* MainApplication.swift */; };
		DAAEB196219694AE00A7883C /* About.swift in Sources */ = {isa = PBXBuildFile; fileRef = DAAEB195219694AE00A7883C /* About.swift */; };
		DAEE38471E3DBEB100DD2966 /* AppDelegate.swift in Sources */ = {isa = PBXBuildFile; fileRef = DAEE38461E3DBEB100DD2966 /* AppDelegate.swift */; };
		DAEE38541E3DD6F100DD2966 /* History.swift in Sources */ = {isa = PBXBuildFile; fileRef = DAEE38531E3DD6F100DD2966 /* History.swift */; };
		DAF176C6202AA56B00C5FD0D /* Keys.swift in Sources */ = {isa = PBXBuildFile; fileRef = DAF176C5202AA56B00C5FD0D /* Keys.swift */; };
/* End PBXBuildFile section */

/* Begin PBXContainerItemProxy section */
		DA0EE7BB204657840025FC60 /* PBXContainerItemProxy */ = {
			isa = PBXContainerItemProxy;
			containerPortal = DAEE383B1E3DBEB100DD2966 /* Project object */;
			proxyType = 1;
			remoteGlobalIDString = DAEE38421E3DBEB100DD2966;
			remoteInfo = Maccy;
		};
		DA360DB51E3DF137005C6F6B /* PBXContainerItemProxy */ = {
			isa = PBXContainerItemProxy;
			containerPortal = DAEE383B1E3DBEB100DD2966 /* Project object */;
			proxyType = 1;
			remoteGlobalIDString = DAEE38421E3DBEB100DD2966;
			remoteInfo = Maccy;
		};
/* End PBXContainerItemProxy section */

/* Begin PBXCopyFilesBuildPhase section */
		DAE61D9E1EDC4A3C0016A3DE /* Embed Frameworks */ = {
			isa = PBXCopyFilesBuildPhase;
			buildActionMask = 2147483647;
			dstPath = "";
			dstSubfolderSpec = 10;
			files = (
			);
			name = "Embed Frameworks";
			runOnlyForDeploymentPostprocessing = 0;
		};
		DAE61DA01EDC4A5E0016A3DE /* CopyFiles */ = {
			isa = PBXCopyFilesBuildPhase;
			buildActionMask = 2147483647;
			dstPath = "";
			dstSubfolderSpec = 16;
			files = (
			);
			runOnlyForDeploymentPostprocessing = 0;
		};
/* End PBXCopyFilesBuildPhase section */

/* Begin PBXFileReference section */
		24486195A6B025996B9A8638 /* Pods-Maccy.release.xcconfig */ = {isa = PBXFileReference; includeInIndex = 1; lastKnownFileType = text.xcconfig; name = "Pods-Maccy.release.xcconfig"; path = "Pods/Target Support Files/Pods-Maccy/Pods-Maccy.release.xcconfig"; sourceTree = "<group>"; };
		53E557A0AB4A09372DB9C529 /* Pods_MaccyTests.framework */ = {isa = PBXFileReference; explicitFileType = wrapper.framework; includeInIndex = 0; path = Pods_MaccyTests.framework; sourceTree = BUILT_PRODUCTS_DIR; };
		5910A9E4224254680077A2E6 /* ColorThemes.swift */ = {isa = PBXFileReference; lastKnownFileType = sourcecode.swift; path = ColorThemes.swift; sourceTree = "<group>"; };
		59312A03223F998C00BE8EB7 /* HistoryDB.swift */ = {isa = PBXFileReference; lastKnownFileType = sourcecode.swift; path = HistoryDB.swift; sourceTree = "<group>"; };
		593DE89E223A27D000BC39E0 /* PopOverStatusMenu.swift */ = {isa = PBXFileReference; lastKnownFileType = sourcecode.swift; path = PopOverStatusMenu.swift; sourceTree = "<group>"; };
		593DE8A0223A2B4500BC39E0 /* PopOverClipboard.swift */ = {isa = PBXFileReference; lastKnownFileType = sourcecode.swift; path = PopOverClipboard.swift; sourceTree = "<group>"; };
		593DE8A2223A348000BC39E0 /* PopOverCell.swift */ = {isa = PBXFileReference; lastKnownFileType = sourcecode.swift; path = PopOverCell.swift; sourceTree = "<group>"; };
		593DE8AD223A722D00BC39E0 /* PopoverSearchField.swift */ = {isa = PBXFileReference; lastKnownFileType = sourcecode.swift; path = PopoverSearchField.swift; sourceTree = "<group>"; };
		593DE8AF223B697700BC39E0 /* HistoryContent.swift */ = {isa = PBXFileReference; lastKnownFileType = sourcecode.swift; path = HistoryContent.swift; sourceTree = "<group>"; };
		593DE8B1223B69E000BC39E0 /* Constants.swift */ = {isa = PBXFileReference; lastKnownFileType = sourcecode.swift; path = Constants.swift; sourceTree = "<group>"; };
		593DE8B3223B6A4F00BC39E0 /* Extensions.swift */ = {isa = PBXFileReference; lastKnownFileType = sourcecode.swift; path = Extensions.swift; sourceTree = "<group>"; };
		593DE8B5223B6A8100BC39E0 /* ClipboardTableView.swift */ = {isa = PBXFileReference; lastKnownFileType = sourcecode.swift; path = ClipboardTableView.swift; sourceTree = "<group>"; };
		593DE8B8223B6B7100BC39E0 /* Settings.swift */ = {isa = PBXFileReference; lastKnownFileType = sourcecode.swift; path = Settings.swift; sourceTree = "<group>"; };
		593DE8BB223B7AA700BC39E0 /* CocurrentArray.swift */ = {isa = PBXFileReference; lastKnownFileType = sourcecode.swift; path = CocurrentArray.swift; sourceTree = "<group>"; };
		593DE8BF223B952800BC39E0 /* Help.swift */ = {isa = PBXFileReference; lastKnownFileType = sourcecode.swift; path = Help.swift; sourceTree = "<group>"; };
		59E4C9FE225214A000E601A5 /* HistoryModel.xcdatamodel */ = {isa = PBXFileReference; lastKnownFileType = wrapper.xcdatamodel; path = HistoryModel.xcdatamodel; sourceTree = "<group>"; };
		59E4CA09225216B900E601A5 /* HistoryCoreData.swift */ = {isa = PBXFileReference; lastKnownFileType = sourcecode.swift; path = HistoryCoreData.swift; sourceTree = "<group>"; };
		59E4CA0F22521B1200E601A5 /* ClipHistory+CoreDataClass.swift */ = {isa = PBXFileReference; lastKnownFileType = sourcecode.swift; name = "ClipHistory+CoreDataClass.swift"; path = "/Users/renqiming/Documents/iOS/ClipboardManager/Clipboard/Tools/History/ClipHistory+CoreDataClass.swift"; sourceTree = "<absolute>"; };
		59E4CA1022521B1200E601A5 /* ClipHistory+CoreDataProperties.swift */ = {isa = PBXFileReference; lastKnownFileType = sourcecode.swift; name = "ClipHistory+CoreDataProperties.swift"; path = "/Users/renqiming/Documents/iOS/ClipboardManager/Clipboard/Tools/History/ClipHistory+CoreDataProperties.swift"; sourceTree = "<absolute>"; };
		6E384E9DB5B6F2F61505B414 /* Pods_Maccy.framework */ = {isa = PBXFileReference; explicitFileType = wrapper.framework; includeInIndex = 0; path = Pods_Maccy.framework; sourceTree = BUILT_PRODUCTS_DIR; };
		7251DDE4B5AF1572FB8B9599 /* Pods-Clipboard.release.xcconfig */ = {isa = PBXFileReference; includeInIndex = 1; lastKnownFileType = text.xcconfig; name = "Pods-Clipboard.release.xcconfig"; path = "Pods/Target Support Files/Pods-Clipboard/Pods-Clipboard.release.xcconfig"; sourceTree = "<group>"; };
		8070C4331414C9D54E247DE2 /* Pods-Maccy.debug.xcconfig */ = {isa = PBXFileReference; includeInIndex = 1; lastKnownFileType = text.xcconfig; name = "Pods-Maccy.debug.xcconfig"; path = "Pods/Target Support Files/Pods-Maccy/Pods-Maccy.debug.xcconfig"; sourceTree = "<group>"; };
		B3F175DC9C433BD7A280E17F /* Pods_Clipboard.framework */ = {isa = PBXFileReference; explicitFileType = wrapper.framework; includeInIndex = 0; path = Pods_Clipboard.framework; sourceTree = BUILT_PRODUCTS_DIR; };
		CC829A45F107E3CF0C047F37 /* Pods-Clipboard.debug.xcconfig */ = {isa = PBXFileReference; includeInIndex = 1; lastKnownFileType = text.xcconfig; name = "Pods-Clipboard.debug.xcconfig"; path = "Pods/Target Support Files/Pods-Clipboard/Pods-Clipboard.debug.xcconfig"; sourceTree = "<group>"; };
		DA0EE7B6204657830025FC60 /* ClipboardUITests.xctest */ = {isa = PBXFileReference; explicitFileType = wrapper.cfbundle; includeInIndex = 0; path = ClipboardUITests.xctest; sourceTree = BUILT_PRODUCTS_DIR; };
		DA0EF1871E444B2A00E58577 /* Clipboard.swift */ = {isa = PBXFileReference; fileEncoding = 4; lastKnownFileType = sourcecode.swift; path = Clipboard.swift; sourceTree = "<group>"; };
		DA246D601E56C9EA001E40F3 /* Application.xib */ = {isa = PBXFileReference; fileEncoding = 4; lastKnownFileType = file.xib; path = Application.xib; sourceTree = "<group>"; };
		DA2C75292029FD6B0090965D /* FilterMenuItemView.swift */ = {isa = PBXFileReference; lastKnownFileType = sourcecode.swift; path = FilterMenuItemView.swift; sourceTree = "<group>"; };
		DA2C752B2029FE990090965D /* ClipboardMenu.swift */ = {isa = PBXFileReference; lastKnownFileType = sourcecode.swift; path = ClipboardMenu.swift; sourceTree = "<group>"; };
		DA360DB01E3DF137005C6F6B /* ClipboardTests.xctest */ = {isa = PBXFileReference; explicitFileType = wrapper.cfbundle; includeInIndex = 0; path = ClipboardTests.xctest; sourceTree = BUILT_PRODUCTS_DIR; };
		DA573EAC1EDD410F00561FB2 /* HistoryMenuItem.swift */ = {isa = PBXFileReference; fileEncoding = 4; lastKnownFileType = sourcecode.swift; path = HistoryMenuItem.swift; sourceTree = "<group>"; };
		DA5F464F2020E4DF00425C11 /* Carbon.framework */ = {isa = PBXFileReference; lastKnownFileType = wrapper.framework; name = Carbon.framework; path = System/Library/Frameworks/Carbon.framework; sourceTree = SDKROOT; };
		DA6373971E4AB9BB00263391 /* Assets.xcassets */ = {isa = PBXFileReference; lastKnownFileType = folder.assetcatalog; path = Assets.xcassets; sourceTree = "<group>"; };
		DA6DB59620AA7D55003C255E /* GlobalHotKey.swift */ = {isa = PBXFileReference; lastKnownFileType = sourcecode.swift; path = GlobalHotKey.swift; sourceTree = "<group>"; };
		DA8953B81E446A4E00884EAB /* MainApplication.swift */ = {isa = PBXFileReference; fileEncoding = 4; lastKnownFileType = sourcecode.swift; path = MainApplication.swift; sourceTree = "<group>"; };
		DAAEB195219694AE00A7883C /* About.swift */ = {isa = PBXFileReference; lastKnownFileType = sourcecode.swift; path = About.swift; sourceTree = "<group>"; };
		DAEE38431E3DBEB100DD2966 /* Clipboard.app */ = {isa = PBXFileReference; explicitFileType = wrapper.application; includeInIndex = 0; path = Clipboard.app; sourceTree = BUILT_PRODUCTS_DIR; };
		DAEE38461E3DBEB100DD2966 /* AppDelegate.swift */ = {isa = PBXFileReference; lastKnownFileType = sourcecode.swift; lineEnding = 0; path = AppDelegate.swift; sourceTree = "<group>"; xcLanguageSpecificationIdentifier = xcode.lang.swift; };
		DAEE384D1E3DBEB100DD2966 /* Info.plist */ = {isa = PBXFileReference; lastKnownFileType = text.plist.xml; path = Info.plist; sourceTree = "<group>"; };
		DAEE38531E3DD6F100DD2966 /* History.swift */ = {isa = PBXFileReference; fileEncoding = 4; lastKnownFileType = sourcecode.swift; lineEnding = 0; path = History.swift; sourceTree = "<group>"; xcLanguageSpecificationIdentifier = xcode.lang.swift; };
		DAF176C5202AA56B00C5FD0D /* Keys.swift */ = {isa = PBXFileReference; lastKnownFileType = sourcecode.swift; path = Keys.swift; sourceTree = "<group>"; };
/* End PBXFileReference section */

/* Begin PBXFrameworksBuildPhase section */
		DA0EE7B3204657830025FC60 /* Frameworks */ = {
			isa = PBXFrameworksBuildPhase;
			buildActionMask = 2147483647;
			files = (
			);
			runOnlyForDeploymentPostprocessing = 0;
		};
		DA360DAD1E3DF137005C6F6B /* Frameworks */ = {
			isa = PBXFrameworksBuildPhase;
			buildActionMask = 2147483647;
			files = (
			);
			runOnlyForDeploymentPostprocessing = 0;
		};
		DAEE38401E3DBEB100DD2966 /* Frameworks */ = {
			isa = PBXFrameworksBuildPhase;
			buildActionMask = 2147483647;
			files = (
				DA5F46512020E9FB00425C11 /* Carbon.framework in Frameworks */,
				85698B9EC4CB46F818AC0196 /* Pods_Clipboard.framework in Frameworks */,
			);
			runOnlyForDeploymentPostprocessing = 0;
		};
/* End PBXFrameworksBuildPhase section */

/* Begin PBXGroup section */
		593DE8A4223A348800BC39E0 /* PopoverWindow */ = {
			isa = PBXGroup;
			children = (
				5910A9E4224254680077A2E6 /* ColorThemes.swift */,
				593DE8A0223A2B4500BC39E0 /* PopOverClipboard.swift */,
				593DE8B5223B6A8100BC39E0 /* ClipboardTableView.swift */,
				593DE8A2223A348000BC39E0 /* PopOverCell.swift */,
				593DE8AD223A722D00BC39E0 /* PopoverSearchField.swift */,
			);
			path = PopoverWindow;
			sourceTree = "<group>";
		};
		593DE8A5223A34BD00BC39E0 /* StatusBar(Deprecated) */ = {
			isa = PBXGroup;
			children = (
				DA2C75292029FD6B0090965D /* FilterMenuItemView.swift */,
				DA573EAC1EDD410F00561FB2 /* HistoryMenuItem.swift */,
				DA2C752B2029FE990090965D /* ClipboardMenu.swift */,
				593DE89E223A27D000BC39E0 /* PopOverStatusMenu.swift */,
			);
			path = "StatusBar(Deprecated)";
			sourceTree = "<group>";
		};
		593DE8A6223A34D000BC39E0 /* Tools */ = {
			isa = PBXGroup;
			children = (
				59E4CA042252157800E601A5 /* History */,
				DAEE38461E3DBEB100DD2966 /* AppDelegate.swift */,
				DAAEB195219694AE00A7883C /* About.swift */,
				593DE8BF223B952800BC39E0 /* Help.swift */,
				DA0EF1871E444B2A00E58577 /* Clipboard.swift */,
				DA6DB59620AA7D55003C255E /* GlobalHotKey.swift */,
				DAF176C5202AA56B00C5FD0D /* Keys.swift */,
				593DE8B1223B69E000BC39E0 /* Constants.swift */,
				593DE8B3223B6A4F00BC39E0 /* Extensions.swift */,
				593DE8BB223B7AA700BC39E0 /* CocurrentArray.swift */,
			);
			path = Tools;
			sourceTree = "<group>";
		};
		593DE8B7223B6B5600BC39E0 /* Settings */ = {
			isa = PBXGroup;
			children = (
				593DE8B8223B6B7100BC39E0 /* Settings.swift */,
			);
			path = Settings;
			sourceTree = "<group>";
		};
		59E4CA042252157800E601A5 /* History */ = {
			isa = PBXGroup;
			children = (
				59E4CA0F22521B1200E601A5 /* ClipHistory+CoreDataClass.swift */,
				59E4CA1022521B1200E601A5 /* ClipHistory+CoreDataProperties.swift */,
				DAEE38531E3DD6F100DD2966 /* History.swift */,
				59312A03223F998C00BE8EB7 /* HistoryDB.swift */,
				59E4CA09225216B900E601A5 /* HistoryCoreData.swift */,
				593DE8AF223B697700BC39E0 /* HistoryContent.swift */,
			);
			path = History;
			sourceTree = "<group>";
		};
		B448BC1DF14922465B623F3B /* Pods */ = {
			isa = PBXGroup;
			children = (
				8070C4331414C9D54E247DE2 /* Pods-Maccy.debug.xcconfig */,
				24486195A6B025996B9A8638 /* Pods-Maccy.release.xcconfig */,
				CC829A45F107E3CF0C047F37 /* Pods-Clipboard.debug.xcconfig */,
				7251DDE4B5AF1572FB8B9599 /* Pods-Clipboard.release.xcconfig */,
			);
			name = Pods;
			sourceTree = "<group>";
		};
		C2D16D1C2EE365D52E1EE446 /* Frameworks */ = {
			isa = PBXGroup;
			children = (
				DA5F464F2020E4DF00425C11 /* Carbon.framework */,
				6E384E9DB5B6F2F61505B414 /* Pods_Maccy.framework */,
				53E557A0AB4A09372DB9C529 /* Pods_MaccyTests.framework */,
				B3F175DC9C433BD7A280E17F /* Pods_Clipboard.framework */,
			);
			name = Frameworks;
			sourceTree = "<group>";
		};
		DAEE383A1E3DBEB100DD2966 = {
			isa = PBXGroup;
			children = (
				DAEE38451E3DBEB100DD2966 /* Clipboard */,
				DAEE38441E3DBEB100DD2966 /* Products */,
				C2D16D1C2EE365D52E1EE446 /* Frameworks */,
				B448BC1DF14922465B623F3B /* Pods */,
			);
			sourceTree = "<group>";
		};
		DAEE38441E3DBEB100DD2966 /* Products */ = {
			isa = PBXGroup;
			children = (
				DAEE38431E3DBEB100DD2966 /* Clipboard.app */,
				DA360DB01E3DF137005C6F6B /* ClipboardTests.xctest */,
				DA0EE7B6204657830025FC60 /* ClipboardUITests.xctest */,
			);
			name = Products;
			sourceTree = "<group>";
		};
		DAEE38451E3DBEB100DD2966 /* Clipboard */ = {
			isa = PBXGroup;
			children = (
				DA246D601E56C9EA001E40F3 /* Application.xib */,
				DA6373971E4AB9BB00263391 /* Assets.xcassets */,
				59E4C9FD225214A000E601A5 /* HistoryModel.xcdatamodeld */,
				593DE8A6223A34D000BC39E0 /* Tools */,
				593DE8A5223A34BD00BC39E0 /* StatusBar(Deprecated) */,
				DA8953B81E446A4E00884EAB /* MainApplication.swift */,
				593DE8B7223B6B5600BC39E0 /* Settings */,
				593DE8A4223A348800BC39E0 /* PopoverWindow */,
				DAEE384D1E3DBEB100DD2966 /* Info.plist */,
			);
			path = Clipboard;
			sourceTree = "<group>";
		};
/* End PBXGroup section */

/* Begin PBXNativeTarget section */
		DA0EE7B5204657830025FC60 /* ClipboardUITests */ = {
			isa = PBXNativeTarget;
			buildConfigurationList = DA0EE7BF204657840025FC60 /* Build configuration list for PBXNativeTarget "ClipboardUITests" */;
			buildPhases = (
				DA0EE7B2204657830025FC60 /* Sources */,
				DA0EE7B3204657830025FC60 /* Frameworks */,
				DA0EE7B4204657830025FC60 /* Resources */,
			);
			buildRules = (
			);
			dependencies = (
				DA0EE7BC204657840025FC60 /* PBXTargetDependency */,
			);
			name = ClipboardUITests;
			productName = MaccyUITests;
			productReference = DA0EE7B6204657830025FC60 /* ClipboardUITests.xctest */;
			productType = "com.apple.product-type.bundle.ui-testing";
		};
		DA360DAF1E3DF137005C6F6B /* ClipboardTests */ = {
			isa = PBXNativeTarget;
			buildConfigurationList = DA360DB71E3DF137005C6F6B /* Build configuration list for PBXNativeTarget "ClipboardTests" */;
			buildPhases = (
				DA360DAC1E3DF137005C6F6B /* Sources */,
				DA360DAD1E3DF137005C6F6B /* Frameworks */,
				DA360DAE1E3DF137005C6F6B /* Resources */,
			);
			buildRules = (
			);
			dependencies = (
				DA360DB61E3DF137005C6F6B /* PBXTargetDependency */,
			);
			name = ClipboardTests;
			productName = MaccyTests;
			productReference = DA360DB01E3DF137005C6F6B /* ClipboardTests.xctest */;
			productType = "com.apple.product-type.bundle.unit-test";
		};
		DAEE38421E3DBEB100DD2966 /* Clipboard */ = {
			isa = PBXNativeTarget;
			buildConfigurationList = DAEE38501E3DBEB100DD2966 /* Build configuration list for PBXNativeTarget "Clipboard" */;
			buildPhases = (
				E9C3BE6EED3D1E4E2163C7B9 /* [CP] Check Pods Manifest.lock */,
				DAEE383F1E3DBEB100DD2966 /* Sources */,
				DAEE38401E3DBEB100DD2966 /* Frameworks */,
				DAEE38411E3DBEB100DD2966 /* Resources */,
				DAE61D9E1EDC4A3C0016A3DE /* Embed Frameworks */,
				DAE61DA01EDC4A5E0016A3DE /* CopyFiles */,
				114AFEB0816965D2028D6899 /* [CP] Embed Pods Frameworks */,
			);
			buildRules = (
			);
			dependencies = (
			);
			name = Clipboard;
			productName = Maccy;
			productReference = DAEE38431E3DBEB100DD2966 /* Clipboard.app */;
			productType = "com.apple.product-type.application";
		};
/* End PBXNativeTarget section */

/* Begin PBXProject section */
		DAEE383B1E3DBEB100DD2966 /* Project object */ = {
			isa = PBXProject;
			attributes = {
				LastSwiftUpdateCheck = 0920;
				LastUpgradeCheck = 1000;
				ORGANIZATIONNAME = Qiming;
				TargetAttributes = {
					DA0EE7B5204657830025FC60 = {
						CreatedOnToolsVersion = 9.2;
						DevelopmentTeam = MN3X4648SC;
						LastSwiftMigration = 1000;
						ProvisioningStyle = Automatic;
						TestTargetID = DAEE38421E3DBEB100DD2966;
					};
					DA360DAF1E3DF137005C6F6B = {
						CreatedOnToolsVersion = 8.2.1;
						DevelopmentTeam = MN3X4648SC;
						LastSwiftMigration = 1000;
						ProvisioningStyle = Automatic;
						TestTargetID = DAEE38421E3DBEB100DD2966;
					};
					DAEE38421E3DBEB100DD2966 = {
						CreatedOnToolsVersion = 8.2.1;
						DevelopmentTeam = DG237PBV6R;
						LastSwiftMigration = 1000;
						ProvisioningStyle = Automatic;
					};
				};
			};
			buildConfigurationList = DAEE383E1E3DBEB100DD2966 /* Build configuration list for PBXProject "Clipboard" */;
			compatibilityVersion = "Xcode 3.2";
			developmentRegion = English;
			hasScannedForEncodings = 0;
			knownRegions = (
				English,
				en,
				Base,
			);
			mainGroup = DAEE383A1E3DBEB100DD2966;
			productRefGroup = DAEE38441E3DBEB100DD2966 /* Products */;
			projectDirPath = "";
			projectRoot = "";
			targets = (
				DAEE38421E3DBEB100DD2966 /* Clipboard */,
				DA360DAF1E3DF137005C6F6B /* ClipboardTests */,
				DA0EE7B5204657830025FC60 /* ClipboardUITests */,
			);
		};
/* End PBXProject section */

/* Begin PBXResourcesBuildPhase section */
		DA0EE7B4204657830025FC60 /* Resources */ = {
			isa = PBXResourcesBuildPhase;
			buildActionMask = 2147483647;
			files = (
			);
			runOnlyForDeploymentPostprocessing = 0;
		};
		DA360DAE1E3DF137005C6F6B /* Resources */ = {
			isa = PBXResourcesBuildPhase;
			buildActionMask = 2147483647;
			files = (
			);
			runOnlyForDeploymentPostprocessing = 0;
		};
		DAEE38411E3DBEB100DD2966 /* Resources */ = {
			isa = PBXResourcesBuildPhase;
			buildActionMask = 2147483647;
			files = (
				DA6373981E4AB9BB00263391 /* Assets.xcassets in Resources */,
				DA246D611E56C9EA001E40F3 /* Application.xib in Resources */,
			);
			runOnlyForDeploymentPostprocessing = 0;
		};
/* End PBXResourcesBuildPhase section */

/* Begin PBXShellScriptBuildPhase section */
		114AFEB0816965D2028D6899 /* [CP] Embed Pods Frameworks */ = {
			isa = PBXShellScriptBuildPhase;
			buildActionMask = 2147483647;
			files = (
			);
			inputPaths = (
				"${SRCROOT}/Pods/Target Support Files/Pods-Clipboard/Pods-Clipboard-frameworks.sh",
				"${BUILT_PRODUCTS_DIR}/FMDB/FMDB.framework",
				"${BUILT_PRODUCTS_DIR}/HotKey/HotKey.framework",
				"${BUILT_PRODUCTS_DIR}/SnapKit/SnapKit.framework",
				"${BUILT_PRODUCTS_DIR}/YapAnimator/YapAnimator.framework",
			);
			name = "[CP] Embed Pods Frameworks";
			outputPaths = (
				"${TARGET_BUILD_DIR}/${FRAMEWORKS_FOLDER_PATH}/FMDB.framework",
				"${TARGET_BUILD_DIR}/${FRAMEWORKS_FOLDER_PATH}/HotKey.framework",
				"${TARGET_BUILD_DIR}/${FRAMEWORKS_FOLDER_PATH}/SnapKit.framework",
				"${TARGET_BUILD_DIR}/${FRAMEWORKS_FOLDER_PATH}/YapAnimator.framework",
			);
			runOnlyForDeploymentPostprocessing = 0;
			shellPath = /bin/sh;
			shellScript = "\"${SRCROOT}/Pods/Target Support Files/Pods-Clipboard/Pods-Clipboard-frameworks.sh\"\n";
			showEnvVarsInLog = 0;
		};
		E9C3BE6EED3D1E4E2163C7B9 /* [CP] Check Pods Manifest.lock */ = {
			isa = PBXShellScriptBuildPhase;
			buildActionMask = 2147483647;
			files = (
			);
			inputPaths = (
				"${PODS_PODFILE_DIR_PATH}/Podfile.lock",
				"${PODS_ROOT}/Manifest.lock",
			);
			name = "[CP] Check Pods Manifest.lock";
			outputPaths = (
				"$(DERIVED_FILE_DIR)/Pods-Clipboard-checkManifestLockResult.txt",
			);
			runOnlyForDeploymentPostprocessing = 0;
			shellPath = /bin/sh;
			shellScript = "diff \"${PODS_PODFILE_DIR_PATH}/Podfile.lock\" \"${PODS_ROOT}/Manifest.lock\" > /dev/null\nif [ $? != 0 ] ; then\n    # print error to STDERR\n    echo \"error: The sandbox is not in sync with the Podfile.lock. Run 'pod install' or update your CocoaPods installation.\" >&2\n    exit 1\nfi\n# This output is used by Xcode 'outputs' to avoid re-running this script phase.\necho \"SUCCESS\" > \"${SCRIPT_OUTPUT_FILE_0}\"\n";
			showEnvVarsInLog = 0;
		};
/* End PBXShellScriptBuildPhase section */

/* Begin PBXSourcesBuildPhase section */
		DA0EE7B2204657830025FC60 /* Sources */ = {
			isa = PBXSourcesBuildPhase;
			buildActionMask = 2147483647;
			files = (
			);
			runOnlyForDeploymentPostprocessing = 0;
		};
		DA360DAC1E3DF137005C6F6B /* Sources */ = {
			isa = PBXSourcesBuildPhase;
			buildActionMask = 2147483647;
			files = (
			);
			runOnlyForDeploymentPostprocessing = 0;
		};
		DAEE383F1E3DBEB100DD2966 /* Sources */ = {
			isa = PBXSourcesBuildPhase;
			buildActionMask = 2147483647;
			files = (
				593DE8B6223B6A8100BC39E0 /* ClipboardTableView.swift in Sources */,
				5910A9E5224254680077A2E6 /* ColorThemes.swift in Sources */,
				59E4CA1122521B1200E601A5 /* ClipHistory+CoreDataClass.swift in Sources */,
				DA2C752A2029FD6B0090965D /* FilterMenuItemView.swift in Sources */,
				593DE8AC223A690200BC39E0 /* PopOverClipboard.swift in Sources */,
				59E4C9FF225214A000E601A5 /* HistoryModel.xcdatamodeld in Sources */,
				593DE8BC223B7AA700BC39E0 /* CocurrentArray.swift in Sources */,
				59312A04223F998C00BE8EB7 /* HistoryDB.swift in Sources */,
				DA6DB59720AA7D55003C255E /* GlobalHotKey.swift in Sources */,
				DAF176C6202AA56B00C5FD0D /* Keys.swift in Sources */,
				593DE8A3223A348000BC39E0 /* PopOverCell.swift in Sources */,
				59E4CA0A225216B900E601A5 /* HistoryCoreData.swift in Sources */,
				DAEE38541E3DD6F100DD2966 /* History.swift in Sources */,
				593DE8AE223A722D00BC39E0 /* PopoverSearchField.swift in Sources */,
				59E4CA1222521B1200E601A5 /* ClipHistory+CoreDataProperties.swift in Sources */,
				593DE8B2223B69E000BC39E0 /* Constants.swift in Sources */,
				DA0EF1881E444B2A00E58577 /* Clipboard.swift in Sources */,
				593DE8B0223B697700BC39E0 /* HistoryContent.swift in Sources */,
				DAAEB196219694AE00A7883C /* About.swift in Sources */,
				593DE89F223A27D000BC39E0 /* PopOverStatusMenu.swift in Sources */,
				DA573EAD1EDD410F00561FB2 /* HistoryMenuItem.swift in Sources */,
				DA2C752C2029FE990090965D /* ClipboardMenu.swift in Sources */,
				593DE8C0223B952800BC39E0 /* Help.swift in Sources */,
				593DE8B4223B6A4F00BC39E0 /* Extensions.swift in Sources */,
				DA8953B91E446A4E00884EAB /* MainApplication.swift in Sources */,
				DAEE38471E3DBEB100DD2966 /* AppDelegate.swift in Sources */,
				593DE8B9223B6B7100BC39E0 /* Settings.swift in Sources */,
			);
			runOnlyForDeploymentPostprocessing = 0;
		};
/* End PBXSourcesBuildPhase section */

/* Begin PBXTargetDependency section */
		DA0EE7BC204657840025FC60 /* PBXTargetDependency */ = {
			isa = PBXTargetDependency;
			target = DAEE38421E3DBEB100DD2966 /* Clipboard */;
			targetProxy = DA0EE7BB204657840025FC60 /* PBXContainerItemProxy */;
		};
		DA360DB61E3DF137005C6F6B /* PBXTargetDependency */ = {
			isa = PBXTargetDependency;
			target = DAEE38421E3DBEB100DD2966 /* Clipboard */;
			targetProxy = DA360DB51E3DF137005C6F6B /* PBXContainerItemProxy */;
		};
/* End PBXTargetDependency section */

/* Begin XCBuildConfiguration section */
		DA0EE7BD204657840025FC60 /* Debug */ = {
			isa = XCBuildConfiguration;
			buildSettings = {
				CLANG_ANALYZER_NUMBER_OBJECT_CONVERSION = YES_AGGRESSIVE;
				CLANG_CXX_LANGUAGE_STANDARD = "gnu++14";
				CLANG_WARN_UNGUARDED_AVAILABILITY = YES_AGGRESSIVE;
				CODE_SIGN_IDENTITY = "-";
				CODE_SIGN_STYLE = Automatic;
				COMBINE_HIDPI_IMAGES = YES;
				DEVELOPMENT_TEAM = MN3X4648SC;
				GCC_C_LANGUAGE_STANDARD = gnu11;
				INFOPLIST_FILE = MaccyUITests/Info.plist;
				LD_RUNPATH_SEARCH_PATHS = "$(inherited) @executable_path/../Frameworks @loader_path/../Frameworks";
				MACOSX_DEPLOYMENT_TARGET = 10.14;
				PRODUCT_BUNDLE_IDENTIFIER = org.p0deje.MaccyUITests;
				PRODUCT_NAME = "$(TARGET_NAME)";
				PROVISIONING_PROFILE_SPECIFIER = "";
				SWIFT_VERSION = 4.2;
				TEST_TARGET_NAME = Maccy;
			};
			name = Debug;
		};
		DA0EE7BE204657840025FC60 /* Release */ = {
			isa = XCBuildConfiguration;
			buildSettings = {
				CLANG_ANALYZER_NUMBER_OBJECT_CONVERSION = YES_AGGRESSIVE;
				CLANG_CXX_LANGUAGE_STANDARD = "gnu++14";
				CLANG_WARN_UNGUARDED_AVAILABILITY = YES_AGGRESSIVE;
				CODE_SIGN_IDENTITY = "Mac Developer";
				CODE_SIGN_STYLE = Automatic;
				COMBINE_HIDPI_IMAGES = YES;
				DEVELOPMENT_TEAM = MN3X4648SC;
				GCC_C_LANGUAGE_STANDARD = gnu11;
				INFOPLIST_FILE = MaccyUITests/Info.plist;
				LD_RUNPATH_SEARCH_PATHS = "$(inherited) @executable_path/../Frameworks @loader_path/../Frameworks";
				MACOSX_DEPLOYMENT_TARGET = 10.14;
				PRODUCT_BUNDLE_IDENTIFIER = org.p0deje.MaccyUITests;
				PRODUCT_NAME = "$(TARGET_NAME)";
				PROVISIONING_PROFILE_SPECIFIER = "";
				SWIFT_VERSION = 4.2;
				TEST_TARGET_NAME = Maccy;
			};
			name = Release;
		};
		DA360DB81E3DF137005C6F6B /* Debug */ = {
			isa = XCBuildConfiguration;
			buildSettings = {
				BUNDLE_LOADER = "$(TEST_HOST)";
				CODE_SIGN_IDENTITY = "-";
				CODE_SIGN_STYLE = Automatic;
				COMBINE_HIDPI_IMAGES = YES;
				DEVELOPMENT_TEAM = MN3X4648SC;
				INFOPLIST_FILE = MaccyTests/Info.plist;
				LD_RUNPATH_SEARCH_PATHS = "$(inherited) @executable_path/../Frameworks @loader_path/../Frameworks";
				PRODUCT_BUNDLE_IDENTIFIER = org.p0deje.MaccyTests;
				PRODUCT_NAME = "$(TARGET_NAME)";
				PROVISIONING_PROFILE_SPECIFIER = "";
				SWIFT_VERSION = 4.2;
				TEST_HOST = "$(BUILT_PRODUCTS_DIR)/Clipboard.app/Contents/MacOS/Clipboard";
			};
			name = Debug;
		};
		DA360DB91E3DF137005C6F6B /* Release */ = {
			isa = XCBuildConfiguration;
			buildSettings = {
				BUNDLE_LOADER = "$(TEST_HOST)";
				CODE_SIGN_IDENTITY = "Mac Developer";
				CODE_SIGN_STYLE = Automatic;
				COMBINE_HIDPI_IMAGES = YES;
				DEVELOPMENT_TEAM = MN3X4648SC;
				INFOPLIST_FILE = MaccyTests/Info.plist;
				LD_RUNPATH_SEARCH_PATHS = "$(inherited) @executable_path/../Frameworks @loader_path/../Frameworks";
				PRODUCT_BUNDLE_IDENTIFIER = org.p0deje.MaccyTests;
				PRODUCT_NAME = "$(TARGET_NAME)";
				PROVISIONING_PROFILE_SPECIFIER = "";
				SWIFT_VERSION = 4.2;
				TEST_HOST = "$(BUILT_PRODUCTS_DIR)/Clipboard.app/Contents/MacOS/Clipboard";
			};
			name = Release;
		};
		DAEE384E1E3DBEB100DD2966 /* Debug */ = {
			isa = XCBuildConfiguration;
			buildSettings = {
				ALWAYS_SEARCH_USER_PATHS = NO;
				CLANG_ANALYZER_NONNULL = YES;
				CLANG_CXX_LANGUAGE_STANDARD = "gnu++0x";
				CLANG_CXX_LIBRARY = "libc++";
				CLANG_ENABLE_MODULES = YES;
				CLANG_ENABLE_OBJC_ARC = YES;
				CLANG_WARN_BLOCK_CAPTURE_AUTORELEASING = YES;
				CLANG_WARN_BOOL_CONVERSION = YES;
				CLANG_WARN_COMMA = YES;
				CLANG_WARN_CONSTANT_CONVERSION = YES;
				CLANG_WARN_DEPRECATED_OBJC_IMPLEMENTATIONS = YES;
				CLANG_WARN_DIRECT_OBJC_ISA_USAGE = YES_ERROR;
				CLANG_WARN_DOCUMENTATION_COMMENTS = YES;
				CLANG_WARN_EMPTY_BODY = YES;
				CLANG_WARN_ENUM_CONVERSION = YES;
				CLANG_WARN_INFINITE_RECURSION = YES;
				CLANG_WARN_INT_CONVERSION = YES;
				CLANG_WARN_NON_LITERAL_NULL_CONVERSION = YES;
				CLANG_WARN_OBJC_IMPLICIT_RETAIN_SELF = YES;
				CLANG_WARN_OBJC_LITERAL_CONVERSION = YES;
				CLANG_WARN_OBJC_ROOT_CLASS = YES_ERROR;
				CLANG_WARN_RANGE_LOOP_ANALYSIS = YES;
				CLANG_WARN_STRICT_PROTOTYPES = YES;
				CLANG_WARN_SUSPICIOUS_MOVE = YES;
				CLANG_WARN_UNREACHABLE_CODE = YES;
				CLANG_WARN__DUPLICATE_METHOD_MATCH = YES;
				CODE_SIGN_IDENTITY = "-";
				COPY_PHASE_STRIP = NO;
				DEBUG_INFORMATION_FORMAT = dwarf;
				ENABLE_STRICT_OBJC_MSGSEND = YES;
				ENABLE_TESTABILITY = YES;
				GCC_C_LANGUAGE_STANDARD = gnu99;
				GCC_DYNAMIC_NO_PIC = NO;
				GCC_NO_COMMON_BLOCKS = YES;
				GCC_OPTIMIZATION_LEVEL = 0;
				GCC_PREPROCESSOR_DEFINITIONS = (
					"DEBUG=1",
					"$(inherited)",
				);
				GCC_WARN_64_TO_32_BIT_CONVERSION = YES;
				GCC_WARN_ABOUT_RETURN_TYPE = YES_ERROR;
				GCC_WARN_UNDECLARED_SELECTOR = YES;
				GCC_WARN_UNINITIALIZED_AUTOS = YES_AGGRESSIVE;
				GCC_WARN_UNUSED_FUNCTION = YES;
				GCC_WARN_UNUSED_VARIABLE = YES;
				MACOSX_DEPLOYMENT_TARGET = 10.14;
				MTL_ENABLE_DEBUG_INFO = YES;
				ONLY_ACTIVE_ARCH = YES;
				SDKROOT = macosx;
				SWIFT_ACTIVE_COMPILATION_CONDITIONS = DEBUG;
				SWIFT_OPTIMIZATION_LEVEL = "-Onone";
				SWIFT_SWIFT3_OBJC_INFERENCE = Default;
			};
			name = Debug;
		};
		DAEE384F1E3DBEB100DD2966 /* Release */ = {
			isa = XCBuildConfiguration;
			buildSettings = {
				ALWAYS_SEARCH_USER_PATHS = NO;
				CLANG_ANALYZER_NONNULL = YES;
				CLANG_CXX_LANGUAGE_STANDARD = "gnu++0x";
				CLANG_CXX_LIBRARY = "libc++";
				CLANG_ENABLE_MODULES = YES;
				CLANG_ENABLE_OBJC_ARC = YES;
				CLANG_WARN_BLOCK_CAPTURE_AUTORELEASING = YES;
				CLANG_WARN_BOOL_CONVERSION = YES;
				CLANG_WARN_COMMA = YES;
				CLANG_WARN_CONSTANT_CONVERSION = YES;
				CLANG_WARN_DEPRECATED_OBJC_IMPLEMENTATIONS = YES;
				CLANG_WARN_DIRECT_OBJC_ISA_USAGE = YES_ERROR;
				CLANG_WARN_DOCUMENTATION_COMMENTS = YES;
				CLANG_WARN_EMPTY_BODY = YES;
				CLANG_WARN_ENUM_CONVERSION = YES;
				CLANG_WARN_INFINITE_RECURSION = YES;
				CLANG_WARN_INT_CONVERSION = YES;
				CLANG_WARN_NON_LITERAL_NULL_CONVERSION = YES;
				CLANG_WARN_OBJC_IMPLICIT_RETAIN_SELF = YES;
				CLANG_WARN_OBJC_LITERAL_CONVERSION = YES;
				CLANG_WARN_OBJC_ROOT_CLASS = YES_ERROR;
				CLANG_WARN_RANGE_LOOP_ANALYSIS = YES;
				CLANG_WARN_STRICT_PROTOTYPES = YES;
				CLANG_WARN_SUSPICIOUS_MOVE = YES;
				CLANG_WARN_UNREACHABLE_CODE = YES;
				CLANG_WARN__DUPLICATE_METHOD_MATCH = YES;
				CODE_SIGN_IDENTITY = "Mac Developer: p0deje@gmail.com (8J5MQ93B49)";
				COPY_PHASE_STRIP = NO;
				DEBUG_INFORMATION_FORMAT = "dwarf-with-dsym";
				ENABLE_NS_ASSERTIONS = NO;
				ENABLE_STRICT_OBJC_MSGSEND = YES;
				GCC_C_LANGUAGE_STANDARD = gnu99;
				GCC_NO_COMMON_BLOCKS = YES;
				GCC_WARN_64_TO_32_BIT_CONVERSION = YES;
				GCC_WARN_ABOUT_RETURN_TYPE = YES_ERROR;
				GCC_WARN_UNDECLARED_SELECTOR = YES;
				GCC_WARN_UNINITIALIZED_AUTOS = YES_AGGRESSIVE;
				GCC_WARN_UNUSED_FUNCTION = YES;
				GCC_WARN_UNUSED_VARIABLE = YES;
				MACOSX_DEPLOYMENT_TARGET = 10.14;
				MTL_ENABLE_DEBUG_INFO = NO;
				SDKROOT = macosx;
				SWIFT_OPTIMIZATION_LEVEL = "-Owholemodule";
				SWIFT_SWIFT3_OBJC_INFERENCE = Default;
			};
			name = Release;
		};
		DAEE38511E3DBEB100DD2966 /* Debug */ = {
			isa = XCBuildConfiguration;
			baseConfigurationReference = CC829A45F107E3CF0C047F37 /* Pods-Clipboard.debug.xcconfig */;
			buildSettings = {
				ASSETCATALOG_COMPILER_APPICON_NAME = AppIcon;
				CLANG_ENABLE_MODULES = YES;
				CODE_SIGN_IDENTITY = "Mac Developer";
				CODE_SIGN_STYLE = Automatic;
				COMBINE_HIDPI_IMAGES = YES;
				DEVELOPMENT_TEAM = DG237PBV6R;
				FRAMEWORK_SEARCH_PATHS = "$(inherited)";
				INFOPLIST_FILE = Clipboard/Info.plist;
				LD_RUNPATH_SEARCH_PATHS = "$(inherited) @executable_path/../Frameworks";
				MACOSX_DEPLOYMENT_TARGET = 10.13;
				PRODUCT_BUNDLE_IDENTIFIER = org.kimi.Clipboard;
				PRODUCT_NAME = "$(TARGET_NAME)";
				PROVISIONING_PROFILE_SPECIFIER = "";
				SWIFT_OPTIMIZATION_LEVEL = "-Onone";
				SWIFT_VERSION = 4.2;
			};
			name = Debug;
		};
		DAEE38521E3DBEB100DD2966 /* Release */ = {
			isa = XCBuildConfiguration;
			baseConfigurationReference = 7251DDE4B5AF1572FB8B9599 /* Pods-Clipboard.release.xcconfig */;
			buildSettings = {
				ASSETCATALOG_COMPILER_APPICON_NAME = AppIcon;
				CLANG_ENABLE_MODULES = YES;
				CODE_SIGN_IDENTITY = "Mac Developer";
				CODE_SIGN_STYLE = Automatic;
				COMBINE_HIDPI_IMAGES = YES;
				DEVELOPMENT_TEAM = DG237PBV6R;
				FRAMEWORK_SEARCH_PATHS = "$(inherited)";
				INFOPLIST_FILE = Clipboard/Info.plist;
				LD_RUNPATH_SEARCH_PATHS = "$(inherited) @executable_path/../Frameworks";
				MACOSX_DEPLOYMENT_TARGET = 10.13;
				PRODUCT_BUNDLE_IDENTIFIER = org.kimi.Clipboard;
				PRODUCT_NAME = "$(TARGET_NAME)";
				PROVISIONING_PROFILE_SPECIFIER = "";
				SWIFT_VERSION = 4.2;
			};
			name = Release;
		};
/* End XCBuildConfiguration section */

/* Begin XCConfigurationList section */
		DA0EE7BF204657840025FC60 /* Build configuration list for PBXNativeTarget "ClipboardUITests" */ = {
			isa = XCConfigurationList;
			buildConfigurations = (
				DA0EE7BD204657840025FC60 /* Debug */,
				DA0EE7BE204657840025FC60 /* Release */,
			);
			defaultConfigurationIsVisible = 0;
			defaultConfigurationName = Release;
		};
		DA360DB71E3DF137005C6F6B /* Build configuration list for PBXNativeTarget "ClipboardTests" */ = {
			isa = XCConfigurationList;
			buildConfigurations = (
				DA360DB81E3DF137005C6F6B /* Debug */,
				DA360DB91E3DF137005C6F6B /* Release */,
			);
			defaultConfigurationIsVisible = 0;
			defaultConfigurationName = Release;
		};
		DAEE383E1E3DBEB100DD2966 /* Build configuration list for PBXProject "Clipboard" */ = {
			isa = XCConfigurationList;
			buildConfigurations = (
				DAEE384E1E3DBEB100DD2966 /* Debug */,
				DAEE384F1E3DBEB100DD2966 /* Release */,
			);
			defaultConfigurationIsVisible = 0;
			defaultConfigurationName = Release;
		};
		DAEE38501E3DBEB100DD2966 /* Build configuration list for PBXNativeTarget "Clipboard" */ = {
			isa = XCConfigurationList;
			buildConfigurations = (
				DAEE38511E3DBEB100DD2966 /* Debug */,
				DAEE38521E3DBEB100DD2966 /* Release */,
			);
			defaultConfigurationIsVisible = 0;
			defaultConfigurationName = Release;
		};
/* End XCConfigurationList section */

/* Begin XCVersionGroup section */
		59E4C9FD225214A000E601A5 /* HistoryModel.xcdatamodeld */ = {
			isa = XCVersionGroup;
			children = (
				59E4C9FE225214A000E601A5 /* HistoryModel.xcdatamodel */,
			);
			currentVersion = 59E4C9FE225214A000E601A5 /* HistoryModel.xcdatamodel */;
			path = HistoryModel.xcdatamodeld;
			sourceTree = "<group>";
			versionGroupType = wrapper.xcdatamodel;
		};
/* End XCVersionGroup section */
	};
	rootObject = DAEE383B1E3DBEB100DD2966 /* Project object */;
}
